
Microsoft Visual Studio Solution File, Format Version 12.00
# Visual Studio Version 16
VisualStudioVersion = 16.0.33027.164
MinimumVisualStudioVersion = 10.0.40219.1
Project("{13B669BE-BB05-4DDF-9536-439F39A36129}") = "HelpingHandsPHP", "HelpingHandsPHP.phpproj", "{DB74250E-9CE9-4F3C-9981-E7B1F9C4FB9B}"
EndProject
Global
	GlobalSection(SolutionConfigurationPlatforms) = preSolution
		Debug|Any CPU = Debug|Any CPU
		Release|Any CPU = Release|Any CPU
	EndGlobalSection
	GlobalSection(ProjectConfigurationPlatforms) = postSolution
		{DB74250E-9CE9-4F3C-9981-E7B1F9C4FB9B}.Debug|Any CPU.ActiveCfg = Debug|Any CPU
		{DB74250E-9CE9-4F3C-9981-E7B1F9C4FB9B}.Debug|Any CPU.Build.0 = Debug|Any CPU
		{DB74250E-9CE9-4F3C-9981-E7B1F9C4FB9B}.Release|Any CPU.ActiveCfg = Release|Any CPU
		{DB74250E-9CE9-4F3C-9981-E7B1F9C4FB9B}.Release|Any CPU.Build.0 = Release|Any CPU
	EndGlobalSection
	GlobalSection(SolutionProperties) = preSolution
		HideSolutionNode = FALSE
	EndGlobalSection
	GlobalSection(ExtensibilityGlobals) = postSolution
		SolutionGuid = {5BA8823B-4B24-4F72-BCA3-4123546E7498}
	EndGlobalSection
EndGlobal
